
Microsoft Visual Studio Solution File, Format Version 12.00
# Visual Studio 15
Project("{FAE04EC0-301F-11D3-BF4B-00C04F79EFBC}") = "Checkout.Kata.Test", "Checkout.Kata.Test\Checkout.Kata.Test.csproj", "{75864BBE-26C9-48DA-9214-397942DCF687}"
EndProject
Project("{FAE04EC0-301F-11D3-BF4B-00C04F79EFBC}") = "Checkout.Kata", "Checkout.Kata\Checkout.Kata.csproj", "{9CE9DC6C-F63B-4469-A551-CB1341BFB8C8}"
EndProject
Global
	GlobalSection(SolutionConfigurationPlatforms) = preSolution
		Debug|Any CPU = Debug|Any CPU
		Release|Any CPU = Release|Any CPU
	EndGlobalSection
	GlobalSection(ProjectConfigurationPlatforms) = postSolution
		{75864BBE-26C9-48DA-9214-397942DCF687}.Debug|Any CPU.ActiveCfg = Debug|Any CPU
		{75864BBE-26C9-48DA-9214-397942DCF687}.Debug|Any CPU.Build.0 = Debug|Any CPU
		{75864BBE-26C9-48DA-9214-397942DCF687}.Release|Any CPU.ActiveCfg = Release|Any CPU
		{75864BBE-26C9-48DA-9214-397942DCF687}.Release|Any CPU.Build.0 = Release|Any CPU
		{9CE9DC6C-F63B-4469-A551-CB1341BFB8C8}.Debug|Any CPU.ActiveCfg = Debug|Any CPU
		{9CE9DC6C-F63B-4469-A551-CB1341BFB8C8}.Debug|Any CPU.Build.0 = Debug|Any CPU
		{9CE9DC6C-F63B-4469-A551-CB1341BFB8C8}.Release|Any CPU.ActiveCfg = Release|Any CPU
		{9CE9DC6C-F63B-4469-A551-CB1341BFB8C8}.Release|Any CPU.Build.0 = Release|Any CPU
	EndGlobalSection
EndGlobal
